github.com/davecgh/go-spew v1.1.0/go.mod h1:J7Y8YcW2NihsgmVo/mv3lAwl/skON4iLHjSsI+c5H38=
github.com/davecgh/go-spew v1.1.1 h1:vj9j/u1bqnvCEfJOwUhtlOARqs3+rkHYY13jYWTU97c=
github.com/davecgh/go-spew v1.1.1/go.mod h1:J7Y8YcW2NihsgmVo/mv3lAwl/skON4iLHjSsI+c5H38=
github.com/go-gl/glfw/v3.3/glfw v0.0.0-20210311203641-62640a716d48/go.mod h1:tQ2UAYgL5IevRw8kRxooKSPJfGvJ9fJQFa0TUsXzTg8=
github.com/jawher/mow.cli v1.2.0 h1:e6ViPPy+82A/NFF/cfbq3Lr6q4JHKT9tyHwTCcUQgQw=
github.com/jawher/mow.cli v1.2.0/go.mod h1:y+pcA3jBAdo/GIZx/0rFjw/K2bVEODP9rfZOfaiq8Ko=
github.com/pmezard/go-difflib v1.0.0 h1:4DBwDE0NGyQoBHbLQYPwSUPoCMWR5BEzIk/f1lZbAQM=
github.com/pmezard/go-difflib v1.0.0/go.mod h1:iKH77koFhYxTK1pcRnkKkqfTogsbg7gZNVY4sRDYZ/4=
github.com/stretchr/objx v0.1.0/go.mod h1:HFkY916IF+rwdDfMAkV7OtwuqBVzrE8GR6GFx+wExME=
github.com/stretchr/objx v0.2.0/go.mod h1:qt09Ya8vawLte6SNmTgCsAVtYtaKzEcn8ATUoHMkEqE=
github.com/stretchr/objx v0.4.0/go.mod h1:YvHI0jy2hoMjB+UWwv71VJQ9isScKT/TqJzVSSt89Yw=
github.com/stretchr/testify v1.3.0/go.mod h1:M5WIy9Dh21IEIfnGCwXGc5bZfKNJtfHm1UVUgZn+9EI=
github.com/stretchr/testify v1.4.0/go.mod h1:j7eGeouHqKxXV5pUuKE4zz7dFj8WfuZ+81PSLYec5m4=
github.com/stretchr/testify v1.7.0/go.mod h1:6Fq8oRcR53rry900zMqJjRRixrwX3KX962/h/Wwjteg=
github.com/stretchr/testify v1.7.1/go.mod h1:6Fq8oRcR53rry900zMqJjRRixrwX3KX962/h/Wwjteg=
github.com/stretchr/testify v1.8.0 h1:pSgiaMZlXftHpm5L7V1+rVB+AZJydKsMxsQBIJw4PKk=
github.com/stretchr/testify v1.8.0/go.mod h1:yNjHg4UonilssWZ8iaSj1OCr/vHnekPRkoO+kdMU+MU=
github.com/veandco/go-sdl2 v0.4.5/go.mod h1:OROqMhHD43nT4/i9crJukyVecjPNYYuCofep6SNiAjY=
github.com/vulkan-go/asche v0.0.0-20190912134304-d4b318b67e07 h1:QIXP1nx5b+YZt1cKDP5SR/89tRXrLxWslBBFBvH/+Y0=
github.com/vulkan-go/asche v0.0.0-20190912134304-d4b318b67e07/go.mod h1:fIbNY6YffQRtdF22h26OXRprI/BGOWPKlxJWtNC78OA=
github.com/vulkan-go/demos v0.0.0-20221129164718-189c453d5553 h1:qPuUtJDx4DeEy6I3GySWsYd5xJOQLKwM4y/52ASMg2g=
github.com/vulkan-go/demos v0.0.0-20221129164718-189c453d5553/go.mod h1:bac4/+OzPQC2UM1tDnLynsQXSauoN8bJgOXcVdozEYE=
github.com/vulkan-go/vulkan v0.0.0-20221127130951-d13440166fa0/go.mod h1:Y5Ti1uUBdKDsb0W8aPtIo9krs+29Y7p6Bc9yyy4AM6g=
github.com/vulkan-go/vulkan v0.0.0-20221209234627-c0a353ae26c8 h1:qPHDyQTLtn40kezY6y4UL7bH7Z0Im9wSu1tQtM2wbUU=
github.com/vulkan-go/vulkan v0.0.0-20221209234627-c0a353ae26c8/go.mod h1:Y5Ti1uUBdKDsb0W8aPtIo9krs+29Y7p6Bc9yyy4AM6g=
github.com/xlab/android-go v0.0.0-20221106204035-3cc54d5032fa/go.mod h1:WNGsHAaW0HwZ/T5KZPDOHJHtX+lHUElskKRPVtQ1/xs=
github.com/xlab/catcher v0.0.0-20170222110830-4ce3d20cbee2/go.mod h1:wLwj0uiLs18rq5dVL7qeTy8ZQsraFHXqas1pUVTa+8A=
github.com/xlab/closer v0.0.0-20190328110542-03326addb7c2/go.mod h1:Y8IYP9aVODN3Vnw1FCqygCG5IWyYBeBlZqQ5aX+fHFw=
github.com/xlab/closer v1.1.0 h1:yrDiOXjd/B7pZ3lZkl/EZ1gWrR2M2N5XpBnixynm4mc=
github.com/xlab/closer v1.1.0/go.mod h1:Ff8YcUPbn5jju6nClrMCmJHQABM0S/obEK0za/1yVMk=
github.com/xlab/ios-go v0.0.0-20170702230120-5c6163f67cd4/go.mod h1:bVfZIYlCKXFl/Dumfx9Sbdl7FDGzd0BpWDFXVegToEE=
github.com/xlab/linmath v0.0.0-20220922225318-40b6290c3b40 h1:FmU7+0eD5GaZzxlbNxVMiC7th7/7qHtskrkWt0ltFkU=
github.com/xlab/linmath v0.0.0-20220922225318-40b6290c3b40/go.mod h1:W1rLjlRa7JX2fcoZ4tb3ZkxuwI6pEX/JkDLPxe1/R1g=
github.com/xlab/tablewriter v0.0.0-20160610135559-80b567a11ad5/go.mod h1:fVwOndYN3s5IaGlMucfgxwMhqwcaJtlGejBU6zX6Yxw=
github.com/xlab/treeprint v1.2.0 h1:HzHnuAF1plUN2zGlAFHbSQP2qJ0ZAD3XF5XD7OesXRQ=
github.com/xlab/treeprint v1.2.0/go.mod h1:gj5Gd3gPdKtR1ikdDK6fnFLdmIS0X30kTTuNd/WEJu0=
gopkg.in/check.v1 v0.0.0-20161208181325-20d25e280405/go.mod h1:Co6ibVJAznAaIkqp8huTwlJQCZ016jof/cbN4VW5Yz0=
gopkg.in/yaml.v2 v2.2.2/go.mod h1:hI93XBmqTisBFMUTm0b8Fm+jr3Dg1NNxqwp+5A1VGuI=
gopkg.in/yaml.v2 v2.2.5/go.mod h1:hI93XBmqTisBFMUTm0b8Fm+jr3Dg1NNxqwp+5A1VGuI=
gopkg.in/yaml.v3 v3.0.0-20200313102051-9f266ea9e77c/go.mod h1:K4uyk7z7BCEPqu6E+C64Yfv1cQ7kz7rIZviUmN+EgEM=
gopkg.in/yaml.v3 v3.0.1 h1:fxVm/GzAzEWqLHuvctI91KS9hhNmmWOoWu0XTYJS7CA=
gopkg.in/yaml.v3 v3.0.1/go.mod h1:K4uyk7z7BCEPqu6E+C64Yfv1cQ7kz7rIZviUmN+EgEM=
